// !$*UTF8*$!
{
	archiveVersion = 1;
	classes = {
	};
	objectVersion = 46;
	objects = {

/* Begin PBXBuildFile section */
		031360061992184300AAD77D /* STHTTPRequestTests.m in Sources */ = {isa = PBXBuildFile; fileRef = 03E5FC8F1920EC74007BE44D /* STHTTPRequestTests.m */; };
		0315A0461923D6DF001C6C02 /* Foundation.framework in Frameworks */ = {isa = PBXBuildFile; fileRef = 03191ED617BF75060001C06D /* Foundation.framework */; };
		0315A0491923D6E0001C6C02 /* main.m in Sources */ = {isa = PBXBuildFile; fileRef = 0315A0481923D6E0001C6C02 /* main.m */; };
		0315A04D1923D6E0001C6C02 /* cli.1 in CopyFiles */ = {isa = PBXBuildFile; fileRef = 0315A04C1923D6E0001C6C02 /* cli.1 */; };
		03191ED517BF75060001C06D /* UIKit.framework in Frameworks */ = {isa = PBXBuildFile; fileRef = 03191ED417BF75060001C06D /* UIKit.framework */; };
		03191ED717BF75060001C06D /* Foundation.framework in Frameworks */ = {isa = PBXBuildFile; fileRef = 03191ED617BF75060001C06D /* Foundation.framework */; };
		03191ED917BF75060001C06D /* CoreGraphics.framework in Frameworks */ = {isa = PBXBuildFile; fileRef = 03191ED817BF75060001C06D /* CoreGraphics.framework */; };
		03191EFA17BF75070001C06D /* UIKit.framework in Frameworks */ = {isa = PBXBuildFile; fileRef = 03191ED417BF75060001C06D /* UIKit.framework */; };
		03191EFB17BF75070001C06D /* Foundation.framework in Frameworks */ = {isa = PBXBuildFile; fileRef = 03191ED617BF75060001C06D /* Foundation.framework */; };
		036590DB1B735B9400C9570E /* STHTTPRequest.m in Sources */ = {isa = PBXBuildFile; fileRef = 036590DA1B735B9400C9570E /* STHTTPRequest.m */; };
		036590DC1B735B9400C9570E /* STHTTPRequest.m in Sources */ = {isa = PBXBuildFile; fileRef = 036590DA1B735B9400C9570E /* STHTTPRequest.m */; };
		036590DD1B735B9400C9570E /* STHTTPRequest.m in Sources */ = {isa = PBXBuildFile; fileRef = 036590DA1B735B9400C9570E /* STHTTPRequest.m */; };
		036590DE1B735B9400C9570E /* STHTTPRequest.m in Sources */ = {isa = PBXBuildFile; fileRef = 036590DA1B735B9400C9570E /* STHTTPRequest.m */; };
		038AB2CD199217120031C019 /* UIKit.framework in Frameworks */ = {isa = PBXBuildFile; fileRef = 03191ED417BF75060001C06D /* UIKit.framework */; };
		038AB2CE199217120031C019 /* Foundation.framework in Frameworks */ = {isa = PBXBuildFile; fileRef = 03191ED617BF75060001C06D /* Foundation.framework */; };
		038AB2D8199217420031C019 /* STHTTPRequestAsyncTests.m in Sources */ = {isa = PBXBuildFile; fileRef = 038AB2C1199212FC0031C019 /* STHTTPRequestAsyncTests.m */; };
		03E5FC811920EC67007BE44D /* AppDelegate.m in Sources */ = {isa = PBXBuildFile; fileRef = 03E5FC741920EC67007BE44D /* AppDelegate.m */; };
		03E5FC821920EC67007BE44D /* Default-568h@2x.png in Resources */ = {isa = PBXBuildFile; fileRef = 03E5FC751920EC67007BE44D /* Default-568h@2x.png */; };
		03E5FC831920EC67007BE44D /* Default.png in Resources */ = {isa = PBXBuildFile; fileRef = 03E5FC761920EC67007BE44D /* Default.png */; };
		03E5FC841920EC67007BE44D /* Default@2x.png in Resources */ = {isa = PBXBuildFile; fileRef = 03E5FC771920EC67007BE44D /* Default@2x.png */; };
		03E5FC851920EC67007BE44D /* InfoPlist.strings in Resources */ = {isa = PBXBuildFile; fileRef = 03E5FC781920EC67007BE44D /* InfoPlist.strings */; };
		03E5FC861920EC67007BE44D /* ViewController.xib in Resources */ = {isa = PBXBuildFile; fileRef = 03E5FC7A1920EC67007BE44D /* ViewController.xib */; };
		03E5FC871920EC67007BE44D /* main.m in Sources */ = {isa = PBXBuildFile; fileRef = 03E5FC7C1920EC67007BE44D /* main.m */; };
		03E5FC891920EC67007BE44D /* ViewController.m in Sources */ = {isa = PBXBuildFile; fileRef = 03E5FC801920EC67007BE44D /* ViewController.m */; };
		03E5FC9A1920ED3C007BE44D /* STHTTPRequest+UnitTests.m in Sources */ = {isa = PBXBuildFile; fileRef = 03E5FC951920ED3C007BE44D /* STHTTPRequest+UnitTests.m */; };
		03E5FC9B1920ED3C007BE44D /* STHTTPRequestTestResponse.m in Sources */ = {isa = PBXBuildFile; fileRef = 03E5FC971920ED3C007BE44D /* STHTTPRequestTestResponse.m */; };
		03E5FC9C1920ED3C007BE44D /* STHTTPRequestTestResponseQueue.m in Sources */ = {isa = PBXBuildFile; fileRef = 03E5FC991920ED3C007BE44D /* STHTTPRequestTestResponseQueue.m */; };
		AE12649F1C882DCA00AE0B00 /* Foundation.framework in Frameworks */ = {isa = PBXBuildFile; fileRef = 03191ED617BF75060001C06D /* Foundation.framework */; };
		AE45B7EC1C881C6600BA0D1C /* STHTTPRequestFramework.h in Headers */ = {isa = PBXBuildFile; fileRef = AE45B7EB1C881C6600BA0D1C /* STHTTPRequestFramework.h */; settings = {ATTRIBUTES = (Public, ); }; };
		AE45B8031C88226E00BA0D1C /* STHTTPRequestFramework.h in Headers */ = {isa = PBXBuildFile; fileRef = AE45B7EB1C881C6600BA0D1C /* STHTTPRequestFramework.h */; settings = {ATTRIBUTES = (Public, ); }; };
		AE45B8041C8823A000BA0D1C /* STHTTPRequest.h in Headers */ = {isa = PBXBuildFile; fileRef = 036590D91B735B9400C9570E /* STHTTPRequest.h */; settings = {ATTRIBUTES = (Public, ); }; };
		AE45B8051C8823A100BA0D1C /* STHTTPRequest.h in Headers */ = {isa = PBXBuildFile; fileRef = 036590D91B735B9400C9570E /* STHTTPRequest.h */; settings = {ATTRIBUTES = (Public, ); }; };
		AE45B8061C8823B100BA0D1C /* STHTTPRequest.m in Sources */ = {isa = PBXBuildFile; fileRef = 036590DA1B735B9400C9570E /* STHTTPRequest.m */; };
		AE45B8071C8823B200BA0D1C /* STHTTPRequest.m in Sources */ = {isa = PBXBuildFile; fileRef = 036590DA1B735B9400C9570E /* STHTTPRequest.m */; };
		AE45B8081C88243B00BA0D1C /* Foundation.framework in Frameworks */ = {isa = PBXBuildFile; fileRef = 03191ED617BF75060001C06D /* Foundation.framework */; };
/* End PBXBuildFile section */

/* Begin PBXContainerItemProxy section */
		03191EFC17BF75070001C06D /* PBXContainerItemProxy */ = {
			isa = PBXContainerItemProxy;
			containerPortal = 03191EC917BF75060001C06D /* Project object */;
			proxyType = 1;
			remoteGlobalIDString = 03191ED017BF75060001C06D;
			remoteInfo = Demo;
		};
		038AB2C5199217120031C019 /* PBXContainerItemProxy */ = {
			isa = PBXContainerItemProxy;
			containerPortal = 03191EC917BF75060001C06D /* Project object */;
			proxyType = 1;
			remoteGlobalIDString = 03191ED017BF75060001C06D;
			remoteInfo = Demo;
		};
/* End PBXContainerItemProxy section */

/* Begin PBXCopyFilesBuildPhase section */
		0315A0431923D6DF001C6C02 /* CopyFiles */ = {
			isa = PBXCopyFilesBuildPhase;
			buildActionMask = 2147483647;
			dstPath = /usr/share/man/man1/;
			dstSubfolderSpec = 0;
			files = (
				0315A04D1923D6E0001C6C02 /* cli.1 in CopyFiles */,
			);
			runOnlyForDeploymentPostprocessing = 1;
		};
/* End PBXCopyFilesBuildPhase section */

/* Begin PBXFileReference section */
		0313600B19921BAB00AAD77D /* STHTTPRequestTests-Info.plist */ = {isa = PBXFileReference; fileEncoding = 4; lastKnownFileType = text.plist.xml; path = "STHTTPRequestTests-Info.plist"; sourceTree = "<group>"; };
		0313600F19921BDB00AAD77D /* AsynchronousTests-Info.plist */ = {isa = PBXFileReference; fileEncoding = 4; lastKnownFileType = text.plist.xml; name = "AsynchronousTests-Info.plist"; path = "Demo Project/AsynchronousTests-Info.plist"; sourceTree = SOURCE_ROOT; };
		0315A0451923D6DF001C6C02 /* cli */ = {isa = PBXFileReference; explicitFileType = "compiled.mach-o.executable"; includeInIndex = 0; path = cli; sourceTree = BUILT_PRODUCTS_DIR; };
		0315A0481923D6E0001C6C02 /* main.m */ = {isa = PBXFileReference; lastKnownFileType = sourcecode.c.objc; path = main.m; sourceTree = "<group>"; };
		0315A04B1923D6E0001C6C02 /* cli-Prefix.pch */ = {isa = PBXFileReference; lastKnownFileType = sourcecode.c.h; path = "cli-Prefix.pch"; sourceTree = "<group>"; };
		0315A04C1923D6E0001C6C02 /* cli.1 */ = {isa = PBXFileReference; lastKnownFileType = text.man; path = cli.1; sourceTree = "<group>"; };
		03191ED117BF75060001C06D /* STHTTPRequest2.app */ = {isa = PBXFileReference; explicitFileType = wrapper.application; includeInIndex = 0; path = STHTTPRequest2.app; sourceTree = BUILT_PRODUCTS_DIR; };
		03191ED417BF75060001C06D /* UIKit.framework */ = {isa = PBXFileReference; lastKnownFileType = wrapper.framework; name = UIKit.framework; path = System/Library/Frameworks/UIKit.framework; sourceTree = SDKROOT; };
		03191ED617BF75060001C06D /* Foundation.framework */ = {isa = PBXFileReference; lastKnownFileType = wrapper.framework; name = Foundation.framework; path = System/Library/Frameworks/Foundation.framework; sourceTree = SDKROOT; };
		03191ED817BF75060001C06D /* CoreGraphics.framework */ = {isa = PBXFileReference; lastKnownFileType = wrapper.framework; name = CoreGraphics.framework; path = System/Library/Frameworks/CoreGraphics.framework; sourceTree = SDKROOT; };
		03191EF717BF75070001C06D /* STHTTPRequest2Tests.xctest */ = {isa = PBXFileReference; explicitFileType = wrapper.cfbundle; includeInIndex = 0; path = STHTTPRequest2Tests.xctest; sourceTree = BUILT_PRODUCTS_DIR; };
		03606B3F17BF796B00105D85 /* README.md */ = {isa = PBXFileReference; lastKnownFileType = text; name = README.md; path = ../README.md; sourceTree = "<group>"; };
		036590D91B735B9400C9570E /* STHTTPRequest.h */ = {isa = PBXFileReference; fileEncoding = 4; lastKnownFileType = sourcecode.c.h; name = STHTTPRequest.h; path = ../STHTTPRequest.h; sourceTree = "<group>"; };
		036590DA1B735B9400C9570E /* STHTTPRequest.m */ = {isa = PBXFileReference; fileEncoding = 4; lastKnownFileType = sourcecode.c.objc; name = STHTTPRequest.m; path = ../STHTTPRequest.m; sourceTree = "<group>"; };
		038AB2C1199212FC0031C019 /* STHTTPRequestAsyncTests.m */ = {isa = PBXFileReference; fileEncoding = 4; lastKnownFileType = sourcecode.c.objc; path = STHTTPRequestAsyncTests.m; sourceTree = "<group>"; };
		038AB2D5199217120031C019 /* Asynchronous2Tests.xctest */ = {isa = PBXFileReference; explicitFileType = wrapper.cfbundle; includeInIndex = 0; path = Asynchronous2Tests.xctest; sourceTree = BUILT_PRODUCTS_DIR; };
		03E5FC731920EC67007BE44D /* AppDelegate.h */ = {isa = PBXFileReference; fileEncoding = 4; lastKnownFileType = sourcecode.c.h; path = AppDelegate.h; sourceTree = "<group>"; };
		03E5FC741920EC67007BE44D /* AppDelegate.m */ = {isa = PBXFileReference; fileEncoding = 4; lastKnownFileType = sourcecode.c.objc; path = AppDelegate.m; sourceTree = "<group>"; };
		03E5FC751920EC67007BE44D /* Default-568h@2x.png */ = {isa = PBXFileReference; lastKnownFileType = image.png; path = "Default-568h@2x.png"; sourceTree = "<group>"; };
		03E5FC761920EC67007BE44D /* Default.png */ = {isa = PBXFileReference; lastKnownFileType = image.png; path = Default.png; sourceTree = "<group>"; };
		03E5FC771920EC67007BE44D /* Default@2x.png */ = {isa = PBXFileReference; lastKnownFileType = image.png; path = "Default@2x.png"; sourceTree = "<group>"; };
		03E5FC791920EC67007BE44D /* en */ = {isa = PBXFileReference; lastKnownFileType = text.plist.strings; name = en; path = en.lproj/InfoPlist.strings; sourceTree = "<group>"; };
		03E5FC7B1920EC67007BE44D /* en */ = {isa = PBXFileReference; lastKnownFileType = file.xib; name = en; path = en.lproj/ViewController.xib; sourceTree = "<group>"; };
		03E5FC7C1920EC67007BE44D /* main.m */ = {isa = PBXFileReference; fileEncoding = 4; lastKnownFileType = sourcecode.c.objc; path = main.m; sourceTree = "<group>"; };
		03E5FC7D1920EC67007BE44D /* STHTTPRequest-Info.plist */ = {isa = PBXFileReference; fileEncoding = 4; lastKnownFileType = text.plist.xml; path = "STHTTPRequest-Info.plist"; sourceTree = "<group>"; };
		03E5FC7E1920EC67007BE44D /* STHTTPRequest-Prefix.pch */ = {isa = PBXFileReference; fileEncoding = 4; lastKnownFileType = sourcecode.c.h; path = "STHTTPRequest-Prefix.pch"; sourceTree = "<group>"; };
		03E5FC7F1920EC67007BE44D /* ViewController.h */ = {isa = PBXFileReference; fileEncoding = 4; lastKnownFileType = sourcecode.c.h; path = ViewController.h; sourceTree = "<group>"; };
		03E5FC801920EC67007BE44D /* ViewController.m */ = {isa = PBXFileReference; fileEncoding = 4; lastKnownFileType = sourcecode.c.objc; path = ViewController.m; sourceTree = "<group>"; };
		03E5FC8F1920EC74007BE44D /* STHTTPRequestTests.m */ = {isa = PBXFileReference; fileEncoding = 4; lastKnownFileType = sourcecode.c.objc; path = STHTTPRequestTests.m; sourceTree = "<group>"; };
		03E5FC941920ED3C007BE44D /* STHTTPRequest+UnitTests.h */ = {isa = PBXFileReference; fileEncoding = 4; lastKnownFileType = sourcecode.c.h; path = "STHTTPRequest+UnitTests.h"; sourceTree = "<group>"; };
		03E5FC951920ED3C007BE44D /* STHTTPRequest+UnitTests.m */ = {isa = PBXFileReference; fileEncoding = 4; lastKnownFileType = sourcecode.c.objc; path = "STHTTPRequest+UnitTests.m"; sourceTree = "<group>"; };
		03E5FC961920ED3C007BE44D /* STHTTPRequestTestResponse.h */ = {isa = PBXFileReference; fileEncoding = 4; lastKnownFileType = sourcecode.c.h; path = STHTTPRequestTestResponse.h; sourceTree = "<group>"; };
		03E5FC971920ED3C007BE44D /* STHTTPRequestTestResponse.m */ = {isa = PBXFileReference; fileEncoding = 4; lastKnownFileType = sourcecode.c.objc; path = STHTTPRequestTestResponse.m; sourceTree = "<group>"; };
		03E5FC981920ED3C007BE44D /* STHTTPRequestTestResponseQueue.h */ = {isa = PBXFileReference; fileEncoding = 4; lastKnownFileType = sourcecode.c.h; path = STHTTPRequestTestResponseQueue.h; sourceTree = "<group>"; };
		03E5FC991920ED3C007BE44D /* STHTTPRequestTestResponseQueue.m */ = {isa = PBXFileReference; fileEncoding = 4; lastKnownFileType = sourcecode.c.objc; path = STHTTPRequestTestResponseQueue.m; sourceTree = "<group>"; };
		AE1A74981C8AE12F00FB26FE /* STHTTPRequestFramework.modulemap */ = {isa = PBXFileReference; lastKnownFileType = "sourcecode.module-map"; path = STHTTPRequestFramework.modulemap; sourceTree = "<group>"; };
		AE45B7E91C881C6600BA0D1C /* STHTTPRequest.framework */ = {isa = PBXFileReference; explicitFileType = wrapper.framework; includeInIndex = 0; path = STHTTPRequest.framework; sourceTree = BUILT_PRODUCTS_DIR; };
		AE45B7EB1C881C6600BA0D1C /* STHTTPRequestFramework.h */ = {isa = PBXFileReference; lastKnownFileType = sourcecode.c.h; path = STHTTPRequestFramework.h; sourceTree = "<group>"; };
		AE45B7ED1C881C6600BA0D1C /* STHTTPRequestFramework.plist */ = {isa = PBXFileReference; lastKnownFileType = text.plist.xml; path = STHTTPRequestFramework.plist; sourceTree = "<group>"; };
		AE45B7FB1C881D6F00BA0D1C /* STHTTPRequest.framework */ = {isa = PBXFileReference; explicitFileType = wrapper.framework; includeInIndex = 0; path = STHTTPRequest.framework; sourceTree = BUILT_PRODUCTS_DIR; };
/* End PBXFileReference section */

/* Begin PBXFrameworksBuildPhase section */
		0315A0421923D6DF001C6C02 /* Frameworks */ = {
			isa = PBXFrameworksBuildPhase;
			buildActionMask = 2147483647;
			files = (
				0315A0461923D6DF001C6C02 /* Foundation.framework in Frameworks */,
			);
			runOnlyForDeploymentPostprocessing = 0;
		};
		03191ECE17BF75060001C06D /* Frameworks */ = {
			isa = PBXFrameworksBuildPhase;
			buildActionMask = 2147483647;
			files = (
				03191ED517BF75060001C06D /* UIKit.framework in Frameworks */,
				03191ED717BF75060001C06D /* Foundation.framework in Frameworks */,
				03191ED917BF75060001C06D /* CoreGraphics.framework in Frameworks */,
			);
			runOnlyForDeploymentPostprocessing = 0;
		};
		03191EF317BF75070001C06D /* Frameworks */ = {
			isa = PBXFrameworksBuildPhase;
			buildActionMask = 2147483647;
			files = (
				03191EFA17BF75070001C06D /* UIKit.framework in Frameworks */,
				03191EFB17BF75070001C06D /* Foundation.framework in Frameworks */,
			);
			runOnlyForDeploymentPostprocessing = 0;
		};
		038AB2CB199217120031C019 /* Frameworks */ = {
			isa = PBXFrameworksBuildPhase;
			buildActionMask = 2147483647;
			files = (
				038AB2CD199217120031C019 /* UIKit.framework in Frameworks */,
				038AB2CE199217120031C019 /* Foundation.framework in Frameworks */,
			);
			runOnlyForDeploymentPostprocessing = 0;
		};
		AE45B7E51C881C6600BA0D1C /* Frameworks */ = {
			isa = PBXFrameworksBuildPhase;
			buildActionMask = 2147483647;
			files = (
				AE45B8081C88243B00BA0D1C /* Foundation.framework in Frameworks */,
			);
			runOnlyForDeploymentPostprocessing = 0;
		};
		AE45B7F71C881D6F00BA0D1C /* Frameworks */ = {
			isa = PBXFrameworksBuildPhase;
			buildActionMask = 2147483647;
			files = (
				AE12649F1C882DCA00AE0B00 /* Foundation.framework in Frameworks */,
			);
			runOnlyForDeploymentPostprocessing = 0;
		};
/* End PBXFrameworksBuildPhase section */

/* Begin PBXGroup section */
		0315A0471923D6DF001C6C02 /* cli */ = {
			isa = PBXGroup;
			children = (
				0315A0481923D6E0001C6C02 /* main.m */,
				0315A04C1923D6E0001C6C02 /* cli.1 */,
				0315A04A1923D6E0001C6C02 /* Supporting Files */,
			);
			path = cli;
			sourceTree = "<group>";
		};
		0315A04A1923D6E0001C6C02 /* Supporting Files */ = {
			isa = PBXGroup;
			children = (
				0315A04B1923D6E0001C6C02 /* cli-Prefix.pch */,
			);
			name = "Supporting Files";
			sourceTree = "<group>";
		};
		03191EC817BF75060001C06D = {
			isa = PBXGroup;
			children = (
				03606B3F17BF796B00105D85 /* README.md */,
				036590D91B735B9400C9570E /* STHTTPRequest.h */,
				036590DA1B735B9400C9570E /* STHTTPRequest.m */,
				AE45B7EA1C881C6600BA0D1C /* Framework */,
				03E5FC721920EC67007BE44D /* Demo Project */,
				03E5FC8A1920EC74007BE44D /* Unit Tests */,
				0315A0471923D6DF001C6C02 /* cli */,
				03191ED317BF75060001C06D /* Frameworks */,
				03191ED217BF75060001C06D /* Products */,
			);
			sourceTree = "<group>";
		};
		03191ED217BF75060001C06D /* Products */ = {
			isa = PBXGroup;
			children = (
				03191ED117BF75060001C06D /* STHTTPRequest2.app */,
				03191EF717BF75070001C06D /* STHTTPRequest2Tests.xctest */,
				0315A0451923D6DF001C6C02 /* cli */,
				038AB2D5199217120031C019 /* Asynchronous2Tests.xctest */,
				AE45B7E91C881C6600BA0D1C /* STHTTPRequest.framework */,
				AE45B7FB1C881D6F00BA0D1C /* STHTTPRequest.framework */,
			);
			name = Products;
			sourceTree = "<group>";
		};
		03191ED317BF75060001C06D /* Frameworks */ = {
			isa = PBXGroup;
			children = (
				03191ED417BF75060001C06D /* UIKit.framework */,
				03191ED617BF75060001C06D /* Foundation.framework */,
				03191ED817BF75060001C06D /* CoreGraphics.framework */,
			);
			name = Frameworks;
			sourceTree = "<group>";
		};
		03E5FC721920EC67007BE44D /* Demo Project */ = {
			isa = PBXGroup;
			children = (
				03E5FC731920EC67007BE44D /* AppDelegate.h */,
				03E5FC741920EC67007BE44D /* AppDelegate.m */,
				03E5FC751920EC67007BE44D /* Default-568h@2x.png */,
				03E5FC761920EC67007BE44D /* Default.png */,
				03E5FC771920EC67007BE44D /* Default@2x.png */,
				03E5FC781920EC67007BE44D /* InfoPlist.strings */,
				03E5FC7A1920EC67007BE44D /* ViewController.xib */,
				03E5FC7C1920EC67007BE44D /* main.m */,
				03E5FC7D1920EC67007BE44D /* STHTTPRequest-Info.plist */,
				03E5FC7E1920EC67007BE44D /* STHTTPRequest-Prefix.pch */,
				03E5FC7F1920EC67007BE44D /* ViewController.h */,
				03E5FC801920EC67007BE44D /* ViewController.m */,
			);
			path = "Demo Project";
			sourceTree = "<group>";
		};
		03E5FC8A1920EC74007BE44D /* Unit Tests */ = {
			isa = PBXGroup;
			children = (
				0313600B19921BAB00AAD77D /* STHTTPRequestTests-Info.plist */,
				03E5FC8F1920EC74007BE44D /* STHTTPRequestTests.m */,
				0313600F19921BDB00AAD77D /* AsynchronousTests-Info.plist */,
				038AB2C1199212FC0031C019 /* STHTTPRequestAsyncTests.m */,
				03E5FC931920ED3C007BE44D /* UnitTestAdditions */,
			);
			path = "Unit Tests";
			sourceTree = "<group>";
		};
		03E5FC931920ED3C007BE44D /* UnitTestAdditions */ = {
			isa = PBXGroup;
			children = (
				03E5FC941920ED3C007BE44D /* STHTTPRequest+UnitTests.h */,
				03E5FC951920ED3C007BE44D /* STHTTPRequest+UnitTests.m */,
				03E5FC961920ED3C007BE44D /* STHTTPRequestTestResponse.h */,
				03E5FC971920ED3C007BE44D /* STHTTPRequestTestResponse.m */,
				03E5FC981920ED3C007BE44D /* STHTTPRequestTestResponseQueue.h */,
				03E5FC991920ED3C007BE44D /* STHTTPRequestTestResponseQueue.m */,
			);
			name = UnitTestAdditions;
			path = ../../UnitTestAdditions;
			sourceTree = "<group>";
		};
		AE45B7EA1C881C6600BA0D1C /* Framework */ = {
			isa = PBXGroup;
			children = (
				AE45B7EB1C881C6600BA0D1C /* STHTTPRequestFramework.h */,
				AE1A74981C8AE12F00FB26FE /* STHTTPRequestFramework.modulemap */,
				AE45B7ED1C881C6600BA0D1C /* STHTTPRequestFramework.plist */,
			);
			name = Framework;
			path = ../Framework;
			sourceTree = "<group>";
		};
/* End PBXGroup section */

/* Begin PBXHeadersBuildPhase section */
		AE45B7E61C881C6600BA0D1C /* Headers */ = {
			isa = PBXHeadersBuildPhase;
			buildActionMask = 2147483647;
			files = (
				AE45B7EC1C881C6600BA0D1C /* STHTTPRequestFramework.h in Headers */,
				AE45B8041C8823A000BA0D1C /* STHTTPRequest.h in Headers */,
			);
			runOnlyForDeploymentPostprocessing = 0;
		};
		AE45B7F81C881D6F00BA0D1C /* Headers */ = {
			isa = PBXHeadersBuildPhase;
			buildActionMask = 2147483647;
			files = (
				AE45B8031C88226E00BA0D1C /* STHTTPRequestFramework.h in Headers */,
				AE45B8051C8823A100BA0D1C /* STHTTPRequest.h in Headers */,
			);
			runOnlyForDeploymentPostprocessing = 0;
		};
/* End PBXHeadersBuildPhase section */

/* Begin PBXNativeTarget section */
		0315A0441923D6DF001C6C02 /* cli */ = {
			isa = PBXNativeTarget;
			buildConfigurationList = 0315A0501923D6E0001C6C02 /* Build configuration list for PBXNativeTarget "cli" */;
			buildPhases = (
				0315A0411923D6DF001C6C02 /* Sources */,
				0315A0421923D6DF001C6C02 /* Frameworks */,
				0315A0431923D6DF001C6C02 /* CopyFiles */,
			);
			buildRules = (
			);
			dependencies = (
			);
			name = cli;
			productName = cli;
			productReference = 0315A0451923D6DF001C6C02 /* cli */;
			productType = "com.apple.product-type.tool";
		};
		03191ED017BF75060001C06D /* STHTTPRequest2 */ = {
			isa = PBXNativeTarget;
			buildConfigurationList = 03191F0917BF75070001C06D /* Build configuration list for PBXNativeTarget "STHTTPRequest2" */;
			buildPhases = (
				03191ECD17BF75060001C06D /* Sources */,
				03191ECE17BF75060001C06D /* Frameworks */,
				03191ECF17BF75060001C06D /* Resources */,
			);
			buildRules = (
			);
			dependencies = (
			);
			name = STHTTPRequest2;
			productName = Demo;
			productReference = 03191ED117BF75060001C06D /* STHTTPRequest2.app */;
			productType = "com.apple.product-type.application";
		};
		03191EF617BF75070001C06D /* STHTTPRequestTests */ = {
			isa = PBXNativeTarget;
			buildConfigurationList = 03191F0C17BF75070001C06D /* Build configuration list for PBXNativeTarget "STHTTPRequestTests" */;
			buildPhases = (
				03191EF217BF75070001C06D /* Sources */,
				03191EF317BF75070001C06D /* Frameworks */,
				03191EF417BF75070001C06D /* Resources */,
				03191EF517BF75070001C06D /* ShellScript */,
			);
			buildRules = (
			);
			dependencies = (
				03191EFD17BF75070001C06D /* PBXTargetDependency */,
			);
			name = STHTTPRequestTests;
			productName = DemoTests;
			productReference = 03191EF717BF75070001C06D /* STHTTPRequest2Tests.xctest */;
			productType = "com.apple.product-type.bundle.unit-test";
		};
		038AB2C3199217120031C019 /* AsynchronousTests */ = {
			isa = PBXNativeTarget;
			buildConfigurationList = 038AB2D2199217120031C019 /* Build configuration list for PBXNativeTarget "AsynchronousTests" */;
			buildPhases = (
				038AB2C6199217120031C019 /* Sources */,
				038AB2CB199217120031C019 /* Frameworks */,
				038AB2CF199217120031C019 /* Resources */,
				038AB2D1199217120031C019 /* ShellScript */,
			);
			buildRules = (
			);
			dependencies = (
				038AB2C4199217120031C019 /* PBXTargetDependency */,
			);
			name = AsynchronousTests;
			productName = DemoTests;
			productReference = 038AB2D5199217120031C019 /* Asynchronous2Tests.xctest */;
			productType = "com.apple.product-type.bundle.unit-test";
		};
		AE45B7E81C881C6600BA0D1C /* STHTTPRequest-iOS */ = {
			isa = PBXNativeTarget;
			buildConfigurationList = AE45B7F41C881C6700BA0D1C /* Build configuration list for PBXNativeTarget "STHTTPRequest-iOS" */;
			buildPhases = (
				AE45B7E41C881C6600BA0D1C /* Sources */,
				AE45B7E51C881C6600BA0D1C /* Frameworks */,
				AE45B7E61C881C6600BA0D1C /* Headers */,
				AE45B7E71C881C6600BA0D1C /* Resources */,
			);
			buildRules = (
			);
			dependencies = (
			);
			name = "STHTTPRequest-iOS";
			productName = STHTTPRequest;
			productReference = AE45B7E91C881C6600BA0D1C /* STHTTPRequest.framework */;
			productType = "com.apple.product-type.framework";
		};
		AE45B7FA1C881D6F00BA0D1C /* STHTTPRequest-OSX */ = {
			isa = PBXNativeTarget;
			buildConfigurationList = AE45B8001C881D6F00BA0D1C /* Build configuration list for PBXNativeTarget "STHTTPRequest-OSX" */;
			buildPhases = (
				AE45B7F61C881D6F00BA0D1C /* Sources */,
				AE45B7F71C881D6F00BA0D1C /* Frameworks */,
				AE45B7F81C881D6F00BA0D1C /* Headers */,
				AE45B7F91C881D6F00BA0D1C /* Resources */,
			);
			buildRules = (
			);
			dependencies = (
			);
			name = "STHTTPRequest-OSX";
			productName = "STHTTPRequest-OSX";
			productReference = AE45B7FB1C881D6F00BA0D1C /* STHTTPRequest.framework */;
			productType = "com.apple.product-type.framework";
		};
/* End PBXNativeTarget section */

/* Begin PBXProject section */
		03191EC917BF75060001C06D /* Project object */ = {
			isa = PBXProject;
			attributes = {
				LastUpgradeCheck = 0460;
				ORGANIZATIONNAME = "Nicolas Seriot";
				TargetAttributes = {
					AE45B7E81C881C6600BA0D1C = {
						CreatedOnToolsVersion = 7.2;
					};
					AE45B7FA1C881D6F00BA0D1C = {
						CreatedOnToolsVersion = 7.2;
					};
				};
			};
			buildConfigurationList = 03191ECC17BF75060001C06D /* Build configuration list for PBXProject "STHTTPRequest" */;
			compatibilityVersion = "Xcode 3.2";
			developmentRegion = English;
			hasScannedForEncodings = 0;
			knownRegions = (
				en,
			);
			mainGroup = 03191EC817BF75060001C06D;
			productRefGroup = 03191ED217BF75060001C06D /* Products */;
			projectDirPath = "";
			projectRoot = "";
			targets = (
				03191ED017BF75060001C06D /* STHTTPRequest2 */,
				03191EF617BF75070001C06D /* STHTTPRequestTests */,
				038AB2C3199217120031C019 /* AsynchronousTests */,
				0315A0441923D6DF001C6C02 /* cli */,
				AE45B7E81C881C6600BA0D1C /* STHTTPRequest-iOS */,
				AE45B7FA1C881D6F00BA0D1C /* STHTTPRequest-OSX */,
			);
		};
/* End PBXProject section */

/* Begin PBXResourcesBuildPhase section */
		03191ECF17BF75060001C06D /* Resources */ = {
			isa = PBXResourcesBuildPhase;
			buildActionMask = 2147483647;
			files = (
				03E5FC861920EC67007BE44D /* ViewController.xib in Resources */,
				03E5FC841920EC67007BE44D /* Default@2x.png in Resources */,
				03E5FC851920EC67007BE44D /* InfoPlist.strings in Resources */,
				03E5FC821920EC67007BE44D /* Default-568h@2x.png in Resources */,
				03E5FC831920EC67007BE44D /* Default.png in Resources */,
			);
			runOnlyForDeploymentPostprocessing = 0;
		};
		03191EF417BF75070001C06D /* Resources */ = {
			isa = PBXResourcesBuildPhase;
			buildActionMask = 2147483647;
			files = (
			);
			runOnlyForDeploymentPostprocessing = 0;
		};
		038AB2CF199217120031C019 /* Resources */ = {
			isa = PBXResourcesBuildPhase;
			buildActionMask = 2147483647;
			files = (
			);
			runOnlyForDeploymentPostprocessing = 0;
		};
		AE45B7E71C881C6600BA0D1C /* Resources */ = {
			isa = PBXResourcesBuildPhase;
			buildActionMask = 2147483647;
			files = (
			);
			runOnlyForDeploymentPostprocessing = 0;
		};
		AE45B7F91C881D6F00BA0D1C /* Resources */ = {
			isa = PBXResourcesBuildPhase;
			buildActionMask = 2147483647;
			files = (
			);
			runOnlyForDeploymentPostprocessing = 0;
		};
/* End PBXResourcesBuildPhase section */

/* Begin PBXShellScriptBuildPhase section */
		03191EF517BF75070001C06D /* ShellScript */ = {
			isa = PBXShellScriptBuildPhase;
			buildActionMask = 2147483647;
			files = (
			);
			inputPaths = (
			);
			outputPaths = (
			);
			runOnlyForDeploymentPostprocessing = 0;
			shellPath = /bin/sh;
			shellScript = "# Run the unit tests in this test bundle.\n\"${SYSTEM_DEVELOPER_DIR}/Tools/RunUnitTests\"\n";
		};
		038AB2D1199217120031C019 /* ShellScript */ = {
			isa = PBXShellScriptBuildPhase;
			buildActionMask = 2147483647;
			files = (
			);
			inputPaths = (
			);
			outputPaths = (
			);
			runOnlyForDeploymentPostprocessing = 0;
			shellPath = /bin/sh;
			shellScript = "# Run the unit tests in this test bundle.\n\"${SYSTEM_DEVELOPER_DIR}/Tools/RunUnitTests\"\n";
		};
/* End PBXShellScriptBuildPhase section */

/* Begin PBXSourcesBuildPhase section */
		0315A0411923D6DF001C6C02 /* Sources */ = {
			isa = PBXSourcesBuildPhase;
			buildActionMask = 2147483647;
			files = (
				036590DE1B735B9400C9570E /* STHTTPRequest.m in Sources */,
				0315A0491923D6E0001C6C02 /* main.m in Sources */,
			);
			runOnlyForDeploymentPostprocessing = 0;
		};
		03191ECD17BF75060001C06D /* Sources */ = {
			isa = PBXSourcesBuildPhase;
			buildActionMask = 2147483647;
			files = (
				03E5FC811920EC67007BE44D /* AppDelegate.m in Sources */,
				03E5FC871920EC67007BE44D /* main.m in Sources */,
				036590DB1B735B9400C9570E /* STHTTPRequest.m in Sources */,
				03E5FC891920EC67007BE44D /* ViewController.m in Sources */,
			);
			runOnlyForDeploymentPostprocessing = 0;
		};
		03191EF217BF75070001C06D /* Sources */ = {
			isa = PBXSourcesBuildPhase;
			buildActionMask = 2147483647;
			files = (
				031360061992184300AAD77D /* STHTTPRequestTests.m in Sources */,
				03E5FC9C1920ED3C007BE44D /* STHTTPRequestTestResponseQueue.m in Sources */,
				03E5FC9B1920ED3C007BE44D /* STHTTPRequestTestResponse.m in Sources */,
				036590DC1B735B9400C9570E /* STHTTPRequest.m in Sources */,
				03E5FC9A1920ED3C007BE44D /* STHTTPRequest+UnitTests.m in Sources */,
			);
			runOnlyForDeploymentPostprocessing = 0;
		};
		038AB2C6199217120031C019 /* Sources */ = {
			isa = PBXSourcesBuildPhase;
			buildActionMask = 2147483647;
			files = (
				036590DD1B735B9400C9570E /* STHTTPRequest.m in Sources */,
				038AB2D8199217420031C019 /* STHTTPRequestAsyncTests.m in Sources */,
			);
			runOnlyForDeploymentPostprocessing = 0;
		};
		AE45B7E41C881C6600BA0D1C /* Sources */ = {
			isa = PBXSourcesBuildPhase;
			buildActionMask = 2147483647;
			files = (
				AE45B8061C8823B100BA0D1C /* STHTTPRequest.m in Sources */,
			);
			runOnlyForDeploymentPostprocessing = 0;
		};
		AE45B7F61C881D6F00BA0D1C /* Sources */ = {
			isa = PBXSourcesBuildPhase;
			buildActionMask = 2147483647;
			files = (
				AE45B8071C8823B200BA0D1C /* STHTTPRequest.m in Sources */,
			);
			runOnlyForDeploymentPostprocessing = 0;
		};
/* End PBXSourcesBuildPhase section */

/* Begin PBXTargetDependency section */
		03191EFD17BF75070001C06D /* PBXTargetDependency */ = {
			isa = PBXTargetDependency;
			target = 03191ED017BF75060001C06D /* STHTTPRequest2 */;
			targetProxy = 03191EFC17BF75070001C06D /* PBXContainerItemProxy */;
		};
		038AB2C4199217120031C019 /* PBXTargetDependency */ = {
			isa = PBXTargetDependency;
			target = 03191ED017BF75060001C06D /* STHTTPRequest2 */;
			targetProxy = 038AB2C5199217120031C019 /* PBXContainerItemProxy */;
		};
/* End PBXTargetDependency section */

/* Begin PBXVariantGroup section */
		03E5FC781920EC67007BE44D /* InfoPlist.strings */ = {
			isa = PBXVariantGroup;
			children = (
				03E5FC791920EC67007BE44D /* en */,
			);
			name = InfoPlist.strings;
			sourceTree = "<group>";
		};
		03E5FC7A1920EC67007BE44D /* ViewController.xib */ = {
			isa = PBXVariantGroup;
			children = (
				03E5FC7B1920EC67007BE44D /* en */,
			);
			name = ViewController.xib;
			sourceTree = "<group>";
		};
/* End PBXVariantGroup section */

/* Begin XCBuildConfiguration section */
		0315A04E1923D6E0001C6C02 /* Debug */ = {
			isa = XCBuildConfiguration;
			buildSettings = {
				CLANG_ENABLE_MODULES = YES;
				CLANG_WARN_BOOL_CONVERSION = YES;
				CLANG_WARN_DIRECT_OBJC_ISA_USAGE = YES_ERROR;
				CLANG_WARN_OBJC_IMPLICIT_RETAIN_SELF = YES;
				CLANG_WARN_OBJC_REPEATED_USE_OF_WEAK = YES;
				CLANG_WARN_OBJC_ROOT_CLASS = YES_ERROR;
				GCC_ENABLE_OBJC_EXCEPTIONS = YES;
				GCC_PRECOMPILE_PREFIX_HEADER = YES;
				GCC_PREFIX_HEADER = "cli/cli-Prefix.pch";
				GCC_PREPROCESSOR_DEFINITIONS = (
					"DEBUG=1",
					"$(inherited)",
				);
				GCC_WARN_64_TO_32_BIT_CONVERSION = YES;
				GCC_WARN_ABOUT_RETURN_TYPE = YES_ERROR;
				GCC_WARN_UNDECLARED_SELECTOR = YES;
				GCC_WARN_UNINITIALIZED_AUTOS = YES_AGGRESSIVE;
				GCC_WARN_UNUSED_FUNCTION = YES;
				MACOSX_DEPLOYMENT_TARGET = 10.9;
				PRODUCT_NAME = "$(TARGET_NAME)";
				SDKROOT = macosx;
			};
			name = Debug;
		};
		0315A04F1923D6E0001C6C02 /* Release */ = {
			isa = XCBuildConfiguration;
			buildSettings = {
				CLANG_ENABLE_MODULES = YES;
				CLANG_WARN_BOOL_CONVERSION = YES;
				CLANG_WARN_DIRECT_OBJC_ISA_USAGE = YES_ERROR;
				CLANG_WARN_OBJC_IMPLICIT_RETAIN_SELF = YES;
				CLANG_WARN_OBJC_REPEATED_USE_OF_WEAK = YES;
				CLANG_WARN_OBJC_ROOT_CLASS = YES_ERROR;
				DEBUG_INFORMATION_FORMAT = "dwarf-with-dsym";
				ENABLE_NS_ASSERTIONS = NO;
				GCC_ENABLE_OBJC_EXCEPTIONS = YES;
				GCC_PRECOMPILE_PREFIX_HEADER = YES;
				GCC_PREFIX_HEADER = "cli/cli-Prefix.pch";
				GCC_WARN_64_TO_32_BIT_CONVERSION = YES;
				GCC_WARN_ABOUT_RETURN_TYPE = YES_ERROR;
				GCC_WARN_UNDECLARED_SELECTOR = YES;
				GCC_WARN_UNINITIALIZED_AUTOS = YES_AGGRESSIVE;
				GCC_WARN_UNUSED_FUNCTION = YES;
				MACOSX_DEPLOYMENT_TARGET = 10.9;
				PRODUCT_NAME = "$(TARGET_NAME)";
				SDKROOT = macosx;
			};
			name = Release;
		};
		03191F0717BF75070001C06D /* Debug */ = {
			isa = XCBuildConfiguration;
			buildSettings = {
				ALWAYS_SEARCH_USER_PATHS = NO;
				CLANG_CXX_LANGUAGE_STANDARD = "gnu++0x";
				CLANG_CXX_LIBRARY = "libc++";
				CLANG_ENABLE_OBJC_ARC = YES;
				CLANG_WARN_CONSTANT_CONVERSION = YES;
				CLANG_WARN_EMPTY_BODY = YES;
				CLANG_WARN_ENUM_CONVERSION = YES;
				CLANG_WARN_INT_CONVERSION = YES;
				CLANG_WARN__DUPLICATE_METHOD_MATCH = YES;
				"CODE_SIGN_IDENTITY[sdk=iphoneos*]" = "iPhone Developer";
				COPY_PHASE_STRIP = NO;
				GCC_C_LANGUAGE_STANDARD = gnu99;
				GCC_DYNAMIC_NO_PIC = NO;
				GCC_OPTIMIZATION_LEVEL = 0;
				GCC_PREPROCESSOR_DEFINITIONS = (
					"DEBUG=1",
					"$(inherited)",
				);
				GCC_SYMBOLS_PRIVATE_EXTERN = NO;
				GCC_WARN_ABOUT_RETURN_TYPE = YES;
				GCC_WARN_UNINITIALIZED_AUTOS = YES;
				GCC_WARN_UNUSED_VARIABLE = YES;
				IPHONEOS_DEPLOYMENT_TARGET = 6.1;
				ONLY_ACTIVE_ARCH = YES;
				SDKROOT = iphoneos;
			};
			name = Debug;
		};
		03191F0817BF75070001C06D /* Release */ = {
			isa = XCBuildConfiguration;
			buildSettings = {
				ALWAYS_SEARCH_USER_PATHS = NO;
				CLANG_CXX_LANGUAGE_STANDARD = "gnu++0x";
				CLANG_CXX_LIBRARY = "libc++";
				CLANG_ENABLE_OBJC_ARC = YES;
				CLANG_WARN_CONSTANT_CONVERSION = YES;
				CLANG_WARN_EMPTY_BODY = YES;
				CLANG_WARN_ENUM_CONVERSION = YES;
				CLANG_WARN_INT_CONVERSION = YES;
				CLANG_WARN__DUPLICATE_METHOD_MATCH = YES;
				"CODE_SIGN_IDENTITY[sdk=iphoneos*]" = "iPhone Developer";
				COPY_PHASE_STRIP = YES;
				GCC_C_LANGUAGE_STANDARD = gnu99;
				GCC_WARN_ABOUT_RETURN_TYPE = YES;
				GCC_WARN_UNINITIALIZED_AUTOS = YES;
				GCC_WARN_UNUSED_VARIABLE = YES;
				IPHONEOS_DEPLOYMENT_TARGET = 6.1;
				OTHER_CFLAGS = "-DNS_BLOCK_ASSERTIONS=1";
				SDKROOT = iphoneos;
				VALIDATE_PRODUCT = YES;
			};
			name = Release;
		};
		03191F0A17BF75070001C06D /* Debug */ = {
			isa = XCBuildConfiguration;
			buildSettings = {
				CLANG_WARN_OBJC_IMPLICIT_RETAIN_SELF = YES;
				CLANG_WARN_OBJC_REPEATED_USE_OF_WEAK = YES;
				GCC_PRECOMPILE_PREFIX_HEADER = YES;
				GCC_PREFIX_HEADER = "Demo Project/STHTTPRequest-Prefix.pch";
				INFOPLIST_FILE = "Demo Project/STHTTPRequest-Info.plist";
				IPHONEOS_DEPLOYMENT_TARGET = 7.0;
				LD_RUNPATH_SEARCH_PATHS = "$(inherited) @executable_path/Frameworks";
				PRODUCT_BUNDLE_IDENTIFIER = ch.seriot.STHTTPRequest2;
				PRODUCT_NAME = STHTTPRequest2;
				WRAPPER_EXTENSION = app;
			};
			name = Debug;
		};
		03191F0B17BF75070001C06D /* Release */ = {
			isa = XCBuildConfiguration;
			buildSettings = {
				CLANG_WARN_OBJC_IMPLICIT_RETAIN_SELF = YES;
				CLANG_WARN_OBJC_REPEATED_USE_OF_WEAK = YES;
				GCC_PRECOMPILE_PREFIX_HEADER = YES;
				GCC_PREFIX_HEADER = "Demo Project/STHTTPRequest-Prefix.pch";
				INFOPLIST_FILE = "Demo Project/STHTTPRequest-Info.plist";
				IPHONEOS_DEPLOYMENT_TARGET = 7.0;
				LD_RUNPATH_SEARCH_PATHS = "$(inherited) @executable_path/Frameworks";
				PRODUCT_BUNDLE_IDENTIFIER = ch.seriot.STHTTPRequest2;
				PRODUCT_NAME = STHTTPRequest2;
				WRAPPER_EXTENSION = app;
			};
			name = Release;
		};
		03191F0D17BF75070001C06D /* Debug */ = {
			isa = XCBuildConfiguration;
			buildSettings = {
				BUNDLE_LOADER = "$(BUILT_PRODUCTS_DIR)/STHTTPRequest2.app/STHTTPRequest2";
				FRAMEWORK_SEARCH_PATHS = (
					"\"$(SDKROOT)/Developer/Library/Frameworks\"",
					"\"$(DEVELOPER_LIBRARY_DIR)/Frameworks\"",
					"$(inherited)",
				);
				GCC_PRECOMPILE_PREFIX_HEADER = YES;
				GCC_PREFIX_HEADER = "Demo Project/STHTTPRequest-Prefix.pch";
				INFOPLIST_FILE = "Unit Tests/STHTTPRequestTests-Info.plist";
				PRODUCT_NAME = STHTTPRequest2Tests;
				TEST_HOST = "$(BUNDLE_LOADER)";
			};
			name = Debug;
		};
		03191F0E17BF75070001C06D /* Release */ = {
			isa = XCBuildConfiguration;
			buildSettings = {
				BUNDLE_LOADER = "$(BUILT_PRODUCTS_DIR)/STHTTPRequest2.app/STHTTPRequest2";
				FRAMEWORK_SEARCH_PATHS = (
					"\"$(SDKROOT)/Developer/Library/Frameworks\"",
					"\"$(DEVELOPER_LIBRARY_DIR)/Frameworks\"",
					"$(inherited)",
				);
				GCC_PRECOMPILE_PREFIX_HEADER = YES;
				GCC_PREFIX_HEADER = "Demo Project/STHTTPRequest-Prefix.pch";
				INFOPLIST_FILE = "Unit Tests/STHTTPRequestTests-Info.plist";
				PRODUCT_NAME = STHTTPRequest2Tests;
				TEST_HOST = "$(BUNDLE_LOADER)";
			};
			name = Release;
		};
		038AB2D3199217120031C019 /* Debug */ = {
			isa = XCBuildConfiguration;
			buildSettings = {
				BUNDLE_LOADER = "$(BUILT_PRODUCTS_DIR)/STHTTPRequest2.app/STHTTPRequest2";
				FRAMEWORK_SEARCH_PATHS = (
					"\"$(SDKROOT)/Developer/Library/Frameworks\"",
					"\"$(DEVELOPER_LIBRARY_DIR)/Frameworks\"",
					"$(PLATFORM_DIR)/Developer/Library/Frameworks",
					"$(inherited)",
				);
				GCC_PRECOMPILE_PREFIX_HEADER = YES;
				GCC_PREFIX_HEADER = "Demo Project/STHTTPRequest-Prefix.pch";
				INFOPLIST_FILE = "Demo Project/AsynchronousTests-Info.plist";
				OTHER_LDFLAGS = (
					"-framework",
					XCTest,
				);
				PRODUCT_NAME = Asynchronous2Tests;
				WRAPPER_EXTENSION = xctest;
			};
			name = Debug;
		};
		038AB2D4199217120031C019 /* Release */ = {
			isa = XCBuildConfiguration;
			buildSettings = {
				BUNDLE_LOADER = "$(BUILT_PRODUCTS_DIR)/STHTTPRequest2.app/STHTTPRequest2";
				FRAMEWORK_SEARCH_PATHS = (
					"\"$(SDKROOT)/Developer/Library/Frameworks\"",
					"\"$(DEVELOPER_LIBRARY_DIR)/Frameworks\"",
					"$(PLATFORM_DIR)/Developer/Library/Frameworks",
					"$(inherited)",
				);
				GCC_PRECOMPILE_PREFIX_HEADER = YES;
				GCC_PREFIX_HEADER = "Demo Project/STHTTPRequest-Prefix.pch";
				INFOPLIST_FILE = "Demo Project/AsynchronousTests-Info.plist";
				OTHER_LDFLAGS = (
					"-framework",
					XCTest,
				);
				PRODUCT_NAME = Asynchronous2Tests;
				WRAPPER_EXTENSION = xctest;
			};
			name = Release;
		};
		AE45B7F21C881C6700BA0D1C /* Debug */ = {
			isa = XCBuildConfiguration;
			buildSettings = {
				CLANG_ENABLE_MODULES = YES;
				CLANG_WARN_BOOL_CONVERSION = YES;
				CLANG_WARN_DIRECT_OBJC_ISA_USAGE = YES_ERROR;
				CLANG_WARN_OBJC_ROOT_CLASS = YES_ERROR;
				CLANG_WARN_UNREACHABLE_CODE = YES;
				CURRENT_PROJECT_VERSION = 1;
				DEBUG_INFORMATION_FORMAT = dwarf;
				DEFINES_MODULE = YES;
				DYLIB_COMPATIBILITY_VERSION = 1;
				DYLIB_CURRENT_VERSION = 1;
				DYLIB_INSTALL_NAME_BASE = "@rpath";
				ENABLE_STRICT_OBJC_MSGSEND = YES;
				ENABLE_TESTABILITY = YES;
				GCC_NO_COMMON_BLOCKS = YES;
				GCC_WARN_64_TO_32_BIT_CONVERSION = YES;
				GCC_WARN_ABOUT_RETURN_TYPE = YES_ERROR;
				GCC_WARN_UNDECLARED_SELECTOR = YES;
				GCC_WARN_UNINITIALIZED_AUTOS = YES_AGGRESSIVE;
				GCC_WARN_UNUSED_FUNCTION = YES;
				INFOPLIST_FILE = ../Framework/STHTTPRequestFramework.plist;
				INSTALL_PATH = "$(LOCAL_LIBRARY_DIR)/Frameworks";
				IPHONEOS_DEPLOYMENT_TARGET = 8.0;
				LD_RUNPATH_SEARCH_PATHS = "$(inherited) @executable_path/Frameworks @loader_path/Frameworks";
				MODULEMAP_FILE = ../Framework/STHTTPRequestFramework.modulemap;
				MTL_ENABLE_DEBUG_INFO = YES;
				PRODUCT_BUNDLE_IDENTIFIER = ch.seriot.STHTTPRequest;
				PRODUCT_NAME = STHTTPRequest;
				SKIP_INSTALL = YES;
				TARGETED_DEVICE_FAMILY = "1,2";
				VERSIONING_SYSTEM = "apple-generic";
				VERSION_INFO_PREFIX = "";
			};
			name = Debug;
		};
		AE45B7F31C881C6700BA0D1C /* Release */ = {
			isa = XCBuildConfiguration;
			buildSettings = {
				CLANG_ENABLE_MODULES = YES;
				CLANG_WARN_BOOL_CONVERSION = YES;
				CLANG_WARN_DIRECT_OBJC_ISA_USAGE = YES_ERROR;
				CLANG_WARN_OBJC_ROOT_CLASS = YES_ERROR;
				CLANG_WARN_UNREACHABLE_CODE = YES;
				COPY_PHASE_STRIP = NO;
				CURRENT_PROJECT_VERSION = 1;
				DEBUG_INFORMATION_FORMAT = "dwarf-with-dsym";
				DEFINES_MODULE = YES;
				DYLIB_COMPATIBILITY_VERSION = 1;
				DYLIB_CURRENT_VERSION = 1;
				DYLIB_INSTALL_NAME_BASE = "@rpath";
				ENABLE_NS_ASSERTIONS = NO;
				ENABLE_STRICT_OBJC_MSGSEND = YES;
				GCC_NO_COMMON_BLOCKS = YES;
				GCC_WARN_64_TO_32_BIT_CONVERSION = YES;
				GCC_WARN_ABOUT_RETURN_TYPE = YES_ERROR;
				GCC_WARN_UNDECLARED_SELECTOR = YES;
				GCC_WARN_UNINITIALIZED_AUTOS = YES_AGGRESSIVE;
				GCC_WARN_UNUSED_FUNCTION = YES;
				INFOPLIST_FILE = ../Framework/STHTTPRequestFramework.plist;
				INSTALL_PATH = "$(LOCAL_LIBRARY_DIR)/Frameworks";
				IPHONEOS_DEPLOYMENT_TARGET = 8.0;
				LD_RUNPATH_SEARCH_PATHS = "$(inherited) @executable_path/Frameworks @loader_path/Frameworks";
				MODULEMAP_FILE = ../Framework/STHTTPRequestFramework.modulemap;
				MTL_ENABLE_DEBUG_INFO = NO;
				PRODUCT_BUNDLE_IDENTIFIER = ch.seriot.STHTTPRequest;
				PRODUCT_NAME = STHTTPRequest;
				SKIP_INSTALL = YES;
				TARGETED_DEVICE_FAMILY = "1,2";
				VERSIONING_SYSTEM = "apple-generic";
				VERSION_INFO_PREFIX = "";
			};
			name = Release;
		};
		AE45B8011C881D6F00BA0D1C /* Debug */ = {
			isa = XCBuildConfiguration;
			buildSettings = {
				CLANG_ENABLE_MODULES = YES;
				CLANG_WARN_BOOL_CONVERSION = YES;
				CLANG_WARN_DIRECT_OBJC_ISA_USAGE = YES_ERROR;
				CLANG_WARN_OBJC_ROOT_CLASS = YES_ERROR;
				CLANG_WARN_UNREACHABLE_CODE = YES;
				CODE_SIGN_IDENTITY = "-";
				COMBINE_HIDPI_IMAGES = YES;
				CURRENT_PROJECT_VERSION = 1;
				DEBUG_INFORMATION_FORMAT = dwarf;
				DEFINES_MODULE = YES;
				DYLIB_COMPATIBILITY_VERSION = 1;
				DYLIB_CURRENT_VERSION = 1;
				DYLIB_INSTALL_NAME_BASE = "@rpath";
				ENABLE_STRICT_OBJC_MSGSEND = YES;
				ENABLE_TESTABILITY = YES;
				GCC_NO_COMMON_BLOCKS = YES;
				GCC_WARN_64_TO_32_BIT_CONVERSION = YES;
				GCC_WARN_ABOUT_RETURN_TYPE = YES_ERROR;
				GCC_WARN_UNDECLARED_SELECTOR = YES;
				GCC_WARN_UNINITIALIZED_AUTOS = YES_AGGRESSIVE;
				GCC_WARN_UNUSED_FUNCTION = YES;
				INFOPLIST_FILE = ../Framework/STHTTPRequestFramework.plist;
				INSTALL_PATH = "$(LOCAL_LIBRARY_DIR)/Frameworks";
				LD_RUNPATH_SEARCH_PATHS = "$(inherited) @executable_path/../Frameworks @loader_path/Frameworks";
				MACOSX_DEPLOYMENT_TARGET = 10.9;
				MODULEMAP_FILE = ../Framework/STHTTPRequestFramework.modulemap;
				MTL_ENABLE_DEBUG_INFO = YES;
				PRODUCT_BUNDLE_IDENTIFIER = ch.seriot.STHTTPRequest;
				PRODUCT_NAME = STHTTPRequest;
				SDKROOT = macosx;
				SKIP_INSTALL = YES;
				VERSIONING_SYSTEM = "apple-generic";
				VERSION_INFO_PREFIX = "";
			};
			name = Debug;
		};
		AE45B8021C881D6F00BA0D1C /* Release */ = {
			isa = XCBuildConfiguration;
			buildSettings = {
				CLANG_ENABLE_MODULES = YES;
				CLANG_WARN_BOOL_CONVERSION = YES;
				CLANG_WARN_DIRECT_OBJC_ISA_USAGE = YES_ERROR;
				CLANG_WARN_OBJC_ROOT_CLASS = YES_ERROR;
				CLANG_WARN_UNREACHABLE_CODE = YES;
				CODE_SIGN_IDENTITY = "-";
				COMBINE_HIDPI_IMAGES = YES;
				COPY_PHASE_STRIP = NO;
				CURRENT_PROJECT_VERSION = 1;
				DEBUG_INFORMATION_FORMAT = "dwarf-with-dsym";
				DEFINES_MODULE = YES;
				DYLIB_COMPATIBILITY_VERSION = 1;
				DYLIB_CURRENT_VERSION = 1;
				DYLIB_INSTALL_NAME_BASE = "@rpath";
				ENABLE_NS_ASSERTIONS = NO;
				ENABLE_STRICT_OBJC_MSGSEND = YES;
				GCC_NO_COMMON_BLOCKS = YES;
				GCC_WARN_64_TO_32_BIT_CONVERSION = YES;
				GCC_WARN_ABOUT_RETURN_TYPE = YES_ERROR;
				GCC_WARN_UNDECLARED_SELECTOR = YES;
				GCC_WARN_UNINITIALIZED_AUTOS = YES_AGGRESSIVE;
				GCC_WARN_UNUSED_FUNCTION = YES;
				INFOPLIST_FILE = ../Framework/STHTTPRequestFramework.plist;
				INSTALL_PATH = "$(LOCAL_LIBRARY_DIR)/Frameworks";
				LD_RUNPATH_SEARCH_PATHS = "$(inherited) @executable_path/../Frameworks @loader_path/Frameworks";
				MACOSX_DEPLOYMENT_TARGET = 10.9;
				MODULEMAP_FILE = ../Framework/STHTTPRequestFramework.modulemap;
				MTL_ENABLE_DEBUG_INFO = NO;
				PRODUCT_BUNDLE_IDENTIFIER = ch.seriot.STHTTPRequest;
				PRODUCT_NAME = STHTTPRequest;
				SDKROOT = macosx;
				SKIP_INSTALL = YES;
				VERSIONING_SYSTEM = "apple-generic";
				VERSION_INFO_PREFIX = "";
			};
			name = Release;
		};
/* End XCBuildConfiguration section */

/* Begin XCConfigurationList section */
		0315A0501923D6E0001C6C02 /* Build configuration list for PBXNativeTarget "cli" */ = {
			isa = XCConfigurationList;
			buildConfigurations = (
				0315A04E1923D6E0001C6C02 /* Debug */,
				0315A04F1923D6E0001C6C02 /* Release */,
			);
			defaultConfigurationIsVisible = 0;
			defaultConfigurationName = Release;
		};
		03191ECC17BF75060001C06D /* Build configuration list for PBXProject "STHTTPRequest" */ = {
			isa = XCConfigurationList;
			buildConfigurations = (
				03191F0717BF75070001C06D /* Debug */,
				03191F0817BF75070001C06D /* Release */,
			);
			defaultConfigurationIsVisible = 0;
			defaultConfigurationName = Release;
		};
		03191F0917BF75070001C06D /* Build configuration list for PBXNativeTarget "STHTTPRequest2" */ = {
			isa = XCConfigurationList;
			buildConfigurations = (
				03191F0A17BF75070001C06D /* Debug */,
				03191F0B17BF75070001C06D /* Release */,
			);
			defaultConfigurationIsVisible = 0;
			defaultConfigurationName = Release;
		};
		03191F0C17BF75070001C06D /* Build configuration list for PBXNativeTarget "STHTTPRequestTests" */ = {
			isa = XCConfigurationList;
			buildConfigurations = (
				03191F0D17BF75070001C06D /* Debug */,
				03191F0E17BF75070001C06D /* Release */,
			);
			defaultConfigurationIsVisible = 0;
			defaultConfigurationName = Release;
		};
		038AB2D2199217120031C019 /* Build configuration list for PBXNativeTarget "AsynchronousTests" */ = {
			isa = XCConfigurationList;
			buildConfigurations = (
				038AB2D3199217120031C019 /* Debug */,
				038AB2D4199217120031C019 /* Release */,
			);
			defaultConfigurationIsVisible = 0;
			defaultConfigurationName = Release;
		};
		AE45B7F41C881C6700BA0D1C /* Build configuration list for PBXNativeTarget "STHTTPRequest-iOS" */ = {
			isa = XCConfigurationList;
			buildConfigurations = (
				AE45B7F21C881C6700BA0D1C /* Debug */,
				AE45B7F31C881C6700BA0D1C /* Release */,
			);
			defaultConfigurationIsVisible = 0;
			defaultConfigurationName = Release;
		};
		AE45B8001C881D6F00BA0D1C /* Build configuration list for PBXNativeTarget "STHTTPRequest-OSX" */ = {
			isa = XCConfigurationList;
			buildConfigurations = (
				AE45B8011C881D6F00BA0D1C /* Debug */,
				AE45B8021C881D6F00BA0D1C /* Release */,
			);
			defaultConfigurationIsVisible = 0;
			defaultConfigurationName = Release;
		};
/* End XCConfigurationList section */
	};
	rootObject = 03191EC917BF75060001C06D /* Project object */;
}
